
Microsoft Visual Studio Solution File, Format Version 12.00
# Visual Studio Version 16
VisualStudioVersion = 16.0.29806.167
MinimumVisualStudioVersion = 10.0.40219.1
Project("{9A19103F-16F7-4668-BE54-9A1E7A4F7556}") = "EtsyTest", "EtsyTest\EtsyTest.csproj", "{EAFCA915-8E20-4E89-A0F3-C4FC16BB152F}"
EndProject
Global
	GlobalSection(SolutionConfigurationPlatforms) = preSolution
		Debug|Any CPU = Debug|Any CPU
		Release|Any CPU = Release|Any CPU
	EndGlobalSection
	GlobalSection(ProjectConfigurationPlatforms) = postSolution
		{EAFCA915-8E20-4E89-A0F3-C4FC16BB152F}.Debug|Any CPU.ActiveCfg = Debug|Any CPU
		{EAFCA915-8E20-4E89-A0F3-C4FC16BB152F}.Debug|Any CPU.Build.0 = Debug|Any CPU
		{EAFCA915-8E20-4E89-A0F3-C4FC16BB152F}.Release|Any CPU.ActiveCfg = Release|Any CPU
		{EAFCA915-8E20-4E89-A0F3-C4FC16BB152F}.Release|Any CPU.Build.0 = Release|Any CPU
	EndGlobalSection
	GlobalSection(SolutionProperties) = preSolution
		HideSolutionNode = FALSE
	EndGlobalSection
	GlobalSection(ExtensibilityGlobals) = postSolution
		SolutionGuid = {70ECBEDC-A024-40FE-9164-06E62A7B7750}
	EndGlobalSection
EndGlobal
